{
  "lockfileVersion": 1,
  "workspaces": {
    "": {
      "name": "convexbot",
      "dependencies": {
        "convex": "^1.17.4",
        "react": "^18.2.0",
        "react-dom": "^18.2.0",
      },
      "devDependencies": {
        "@types/react": "^18.2.15",
        "@types/react-dom": "^18.2.7",
        "typescript": "^5.0.4",
      },
    },
  },
  "packages": {
    "@esbuild/aix-ppc64": ["@esbuild/aix-ppc64@0.23.0", "", { "os": "aix", "cpu": "ppc64" }, "sha512-3sG8Zwa5fMcA9bgqB8AfWPQ+HFke6uD3h1s3RIwUNK8EG7a4buxvuFTs3j1IMs2NXAk9F30C/FF4vxRgQCcmoQ=="],

    "@esbuild/android-arm": ["@esbuild/android-arm@0.23.0", "", { "os": "android", "cpu": "arm" }, "sha512-+KuOHTKKyIKgEEqKbGTK8W7mPp+hKinbMBeEnNzjJGyFcWsfrXjSTNluJHCY1RqhxFurdD8uNXQDei7qDlR6+g=="],

    "@esbuild/android-arm64": ["@esbuild/android-arm64@0.23.0", "", { "os": "android", "cpu": "arm64" }, "sha512-EuHFUYkAVfU4qBdyivULuu03FhJO4IJN9PGuABGrFy4vUuzk91P2d+npxHcFdpUnfYKy0PuV+n6bKIpHOB3prQ=="],

    "@esbuild/android-x64": ["@esbuild/android-x64@0.23.0", "", { "os": "android", "cpu": "x64" }, "sha512-WRrmKidLoKDl56LsbBMhzTTBxrsVwTKdNbKDalbEZr0tcsBgCLbEtoNthOW6PX942YiYq8HzEnb4yWQMLQuipQ=="],

    "@esbuild/darwin-arm64": ["@esbuild/darwin-arm64@0.23.0", "", { "os": "darwin", "cpu": "arm64" }, "sha512-YLntie/IdS31H54Ogdn+v50NuoWF5BDkEUFpiOChVa9UnKpftgwzZRrI4J132ETIi+D8n6xh9IviFV3eXdxfow=="],

    "@esbuild/darwin-x64": ["@esbuild/darwin-x64@0.23.0", "", { "os": "darwin", "cpu": "x64" }, "sha512-IMQ6eme4AfznElesHUPDZ+teuGwoRmVuuixu7sv92ZkdQcPbsNHzutd+rAfaBKo8YK3IrBEi9SLLKWJdEvJniQ=="],

    "@esbuild/freebsd-arm64": ["@esbuild/freebsd-arm64@0.23.0", "", { "os": "freebsd", "cpu": "arm64" }, "sha512-0muYWCng5vqaxobq6LB3YNtevDFSAZGlgtLoAc81PjUfiFz36n4KMpwhtAd4he8ToSI3TGyuhyx5xmiWNYZFyw=="],

    "@esbuild/freebsd-x64": ["@esbuild/freebsd-x64@0.23.0", "", { "os": "freebsd", "cpu": "x64" }, "sha512-XKDVu8IsD0/q3foBzsXGt/KjD/yTKBCIwOHE1XwiXmrRwrX6Hbnd5Eqn/WvDekddK21tfszBSrE/WMaZh+1buQ=="],

    "@esbuild/linux-arm": ["@esbuild/linux-arm@0.23.0", "", { "os": "linux", "cpu": "arm" }, "sha512-SEELSTEtOFu5LPykzA395Mc+54RMg1EUgXP+iw2SJ72+ooMwVsgfuwXo5Fn0wXNgWZsTVHwY2cg4Vi/bOD88qw=="],

    "@esbuild/linux-arm64": ["@esbuild/linux-arm64@0.23.0", "", { "os": "linux", "cpu": "arm64" }, "sha512-j1t5iG8jE7BhonbsEg5d9qOYcVZv/Rv6tghaXM/Ug9xahM0nX/H2gfu6X6z11QRTMT6+aywOMA8TDkhPo8aCGw=="],

    "@esbuild/linux-ia32": ["@esbuild/linux-ia32@0.23.0", "", { "os": "linux", "cpu": "ia32" }, "sha512-P7O5Tkh2NbgIm2R6x1zGJJsnacDzTFcRWZyTTMgFdVit6E98LTxO+v8LCCLWRvPrjdzXHx9FEOA8oAZPyApWUA=="],

    "@esbuild/linux-loong64": ["@esbuild/linux-loong64@0.23.0", "", { "os": "linux", "cpu": "none" }, "sha512-InQwepswq6urikQiIC/kkx412fqUZudBO4SYKu0N+tGhXRWUqAx+Q+341tFV6QdBifpjYgUndV1hhMq3WeJi7A=="],

    "@esbuild/linux-mips64el": ["@esbuild/linux-mips64el@0.23.0", "", { "os": "linux", "cpu": "none" }, "sha512-J9rflLtqdYrxHv2FqXE2i1ELgNjT+JFURt/uDMoPQLcjWQA5wDKgQA4t/dTqGa88ZVECKaD0TctwsUfHbVoi4w=="],

    "@esbuild/linux-ppc64": ["@esbuild/linux-ppc64@0.23.0", "", { "os": "linux", "cpu": "ppc64" }, "sha512-cShCXtEOVc5GxU0fM+dsFD10qZ5UpcQ8AM22bYj0u/yaAykWnqXJDpd77ublcX6vdDsWLuweeuSNZk4yUxZwtw=="],

    "@esbuild/linux-riscv64": ["@esbuild/linux-riscv64@0.23.0", "", { "os": "linux", "cpu": "none" }, "sha512-HEtaN7Y5UB4tZPeQmgz/UhzoEyYftbMXrBCUjINGjh3uil+rB/QzzpMshz3cNUxqXN7Vr93zzVtpIDL99t9aRw=="],

    "@esbuild/linux-s390x": ["@esbuild/linux-s390x@0.23.0", "", { "os": "linux", "cpu": "s390x" }, "sha512-WDi3+NVAuyjg/Wxi+o5KPqRbZY0QhI9TjrEEm+8dmpY9Xir8+HE/HNx2JoLckhKbFopW0RdO2D72w8trZOV+Wg=="],

    "@esbuild/linux-x64": ["@esbuild/linux-x64@0.23.0", "", { "os": "linux", "cpu": "x64" }, "sha512-a3pMQhUEJkITgAw6e0bWA+F+vFtCciMjW/LPtoj99MhVt+Mfb6bbL9hu2wmTZgNd994qTAEw+U/r6k3qHWWaOQ=="],

    "@esbuild/netbsd-x64": ["@esbuild/netbsd-x64@0.23.0", "", { "os": "none", "cpu": "x64" }, "sha512-cRK+YDem7lFTs2Q5nEv/HHc4LnrfBCbH5+JHu6wm2eP+d8OZNoSMYgPZJq78vqQ9g+9+nMuIsAO7skzphRXHyw=="],

    "@esbuild/openbsd-arm64": ["@esbuild/openbsd-arm64@0.23.0", "", { "os": "openbsd", "cpu": "arm64" }, "sha512-suXjq53gERueVWu0OKxzWqk7NxiUWSUlrxoZK7usiF50C6ipColGR5qie2496iKGYNLhDZkPxBI3erbnYkU0rQ=="],

    "@esbuild/openbsd-x64": ["@esbuild/openbsd-x64@0.23.0", "", { "os": "openbsd", "cpu": "x64" }, "sha512-6p3nHpby0DM/v15IFKMjAaayFhqnXV52aEmv1whZHX56pdkK+MEaLoQWj+H42ssFarP1PcomVhbsR4pkz09qBg=="],

    "@esbuild/sunos-x64": ["@esbuild/sunos-x64@0.23.0", "", { "os": "sunos", "cpu": "x64" }, "sha512-BFelBGfrBwk6LVrmFzCq1u1dZbG4zy/Kp93w2+y83Q5UGYF1d8sCzeLI9NXjKyujjBBniQa8R8PzLFAUrSM9OA=="],

    "@esbuild/win32-arm64": ["@esbuild/win32-arm64@0.23.0", "", { "os": "win32", "cpu": "arm64" }, "sha512-lY6AC8p4Cnb7xYHuIxQ6iYPe6MfO2CC43XXKo9nBXDb35krYt7KGhQnOkRGar5psxYkircpCqfbNDB4uJbS2jQ=="],

    "@esbuild/win32-ia32": ["@esbuild/win32-ia32@0.23.0", "", { "os": "win32", "cpu": "ia32" }, "sha512-7L1bHlOTcO4ByvI7OXVI5pNN6HSu6pUQq9yodga8izeuB1KcT2UkHaH6118QJwopExPn0rMHIseCTx1CRo/uNA=="],

    "@esbuild/win32-x64": ["@esbuild/win32-x64@0.23.0", "", { "os": "win32", "cpu": "x64" }, "sha512-Arm+WgUFLUATuoxCJcahGuk6Yj9Pzxd6l11Zb/2aAuv5kWWvvfhLFo2fni4uSK5vzlUdCGZ/BdV5tH8klj8p8g=="],

    "@types/prop-types": ["@types/prop-types@15.7.14", "", {}, "sha512-gNMvNH49DJ7OJYv+KAKn0Xp45p8PLl6zo2YnvDIbTd4J6MER2BmWN49TG7n9LvkyihINxeKW8+3bfS2yDC9dzQ=="],

    "@types/react": ["@types/react@18.3.18", "", { "dependencies": { "@types/prop-types": "*", "csstype": "^3.0.2" } }, "sha512-t4yC+vtgnkYjNSKlFx1jkAhH8LgTo2N/7Qvi83kdEaUtMDiwpbLAktKDaAMlRcJ5eSxZkH74eEGt1ky31d7kfQ=="],

    "@types/react-dom": ["@types/react-dom@18.3.5", "", { "peerDependencies": { "@types/react": "^18.0.0" } }, "sha512-P4t6saawp+b/dFrUr2cvkVsfvPguwsxtH6dNIYRllMsefqFzkZk5UIjzyDOv5g1dXIPdG4Sp1yCR4Z6RCUsG/Q=="],

    "convex": ["convex@1.18.2", "", { "dependencies": { "esbuild": "0.23.0", "jwt-decode": "^3.1.2", "prettier": "3.4.2" }, "peerDependencies": { "@auth0/auth0-react": "^2.0.1", "@clerk/clerk-react": "^4.12.8 || ^5.0.0", "react": "^17.0.2 || ^18.0.0 || ^19.0.0-0 || ^19.0.0", "react-dom": "^17.0.2 || ^18.0.0 || ^19.0.0-0 || ^19.0.0" }, "optionalPeers": ["@auth0/auth0-react", "@clerk/clerk-react", "react", "react-dom"], "bin": { "convex": "bin/main.js" } }, "sha512-a9VVy9Ss7Z5Twt80t0yekyB4CWUWB3EpH5aru5MxqD8EX2QLnu9lNtsTc+eKM1V1CTVvC3LuYaBWBdcvFqMsYQ=="],

    "csstype": ["csstype@3.1.3", "", {}, "sha512-M1uQkMl8rQK/szD0LNhtqxIPLpimGm8sOBwU7lLnCpSbTyY3yeU1Vc7l4KT5zT4s/yOxHH5O7tIuuLOCnLADRw=="],

    "esbuild": ["esbuild@0.23.0", "", { "optionalDependencies": { "@esbuild/aix-ppc64": "0.23.0", "@esbuild/android-arm": "0.23.0", "@esbuild/android-arm64": "0.23.0", "@esbuild/android-x64": "0.23.0", "@esbuild/darwin-arm64": "0.23.0", "@esbuild/darwin-x64": "0.23.0", "@esbuild/freebsd-arm64": "0.23.0", "@esbuild/freebsd-x64": "0.23.0", "@esbuild/linux-arm": "0.23.0", "@esbuild/linux-arm64": "0.23.0", "@esbuild/linux-ia32": "0.23.0", "@esbuild/linux-loong64": "0.23.0", "@esbuild/linux-mips64el": "0.23.0", "@esbuild/linux-ppc64": "0.23.0", "@esbuild/linux-riscv64": "0.23.0", "@esbuild/linux-s390x": "0.23.0", "@esbuild/linux-x64": "0.23.0", "@esbuild/netbsd-x64": "0.23.0", "@esbuild/openbsd-arm64": "0.23.0", "@esbuild/openbsd-x64": "0.23.0", "@esbuild/sunos-x64": "0.23.0", "@esbuild/win32-arm64": "0.23.0", "@esbuild/win32-ia32": "0.23.0", "@esbuild/win32-x64": "0.23.0" }, "bin": { "esbuild": "bin/esbuild" } }, "sha512-1lvV17H2bMYda/WaFb2jLPeHU3zml2k4/yagNMG8Q/YtfMjCwEUZa2eXXMgZTVSL5q1n4H7sQ0X6CdJDqqeCFA=="],

    "js-tokens": ["js-tokens@4.0.0", "", {}, "sha512-RdJUflcE3cUzKiMqQgsCu06FPu9UdIJO0beYbPhHN4k6apgJtifcoCtT9bcxOpYBtpD2kCM6Sbzg4CausW/PKQ=="],

    "jwt-decode": ["jwt-decode@3.1.2", "", {}, "sha512-UfpWE/VZn0iP50d8cz9NrZLM9lSWhcJ+0Gt/nm4by88UL+J1SiKN8/5dkjMmbEzwL2CAe+67GsegCbIKtbp75A=="],

    "loose-envify": ["loose-envify@1.4.0", "", { "dependencies": { "js-tokens": "^3.0.0 || ^4.0.0" }, "bin": { "loose-envify": "cli.js" } }, "sha512-lyuxPGr/Wfhrlem2CL/UcnUc1zcqKAImBDzukY7Y5F/yQiNdko6+fRLevlw1HgMySw7f611UIY408EtxRSoK3Q=="],

    "prettier": ["prettier@3.4.2", "", { "bin": { "prettier": "bin/prettier.cjs" } }, "sha512-e9MewbtFo+Fevyuxn/4rrcDAaq0IYxPGLvObpQjiZBMAzB9IGmzlnG9RZy3FFas+eBMu2vA0CszMeduow5dIuQ=="],

    "react": ["react@18.3.1", "", { "dependencies": { "loose-envify": "^1.1.0" } }, "sha512-wS+hAgJShR0KhEvPJArfuPVN1+Hz1t0Y6n5jLrGQbkb4urgPE/0Rve+1kMB1v/oWgHgm4WIcV+i7F2pTVj+2iQ=="],

    "react-dom": ["react-dom@18.3.1", "", { "dependencies": { "loose-envify": "^1.1.0", "scheduler": "^0.23.2" }, "peerDependencies": { "react": "^18.3.1" } }, "sha512-5m4nQKp+rZRb09LNH59GM4BxTh9251/ylbKIbpe7TpGxfJ+9kv6BLkLBXIjjspbgbnIBNqlI23tRnTWT0snUIw=="],

    "scheduler": ["scheduler@0.23.2", "", { "dependencies": { "loose-envify": "^1.1.0" } }, "sha512-UOShsPwz7NrMUqhR6t0hWjFduvOzbtv7toDH1/hIrfRNIDBnnBWd0CwJTGvTpngVlmwGCdP9/Zl/tVrDqcuYzQ=="],

    "typescript": ["typescript@5.7.3", "", { "bin": { "tsc": "bin/tsc", "tsserver": "bin/tsserver" } }, "sha512-84MVSjMEHP+FQRPy3pX9sTVV/INIex71s9TL2Gm5FG/WG1SqXeKyZ0k7/blY/4FdOzI12CBy1vGc4og/eus0fw=="],
  }
}
